
Microsoft Visual Studio Solution File, Format Version 12.00
# Visual Studio Version 16
VisualStudioVersion = 16.0.31025.194
MinimumVisualStudioVersion = 10.0.40219.1
Project("{9A19103F-16F7-4668-BE54-9A1E7A4F7556}") = "Checkout.Services", "Checkout.Services\Checkout.Services.csproj", "{2E442EE6-1328-4948-A5A9-E09EBED529F0}"
EndProject
Project("{9A19103F-16F7-4668-BE54-9A1E7A4F7556}") = "CheckoutTests", "CheckoutTests\CheckoutTests.csproj", "{31BBE7FB-8C28-493A-AC97-70AE0D8C78BC}"
EndProject
Project("{9A19103F-16F7-4668-BE54-9A1E7A4F7556}") = "Checkout", "Checkout\Checkout.csproj", "{936831AB-9E71-47BF-B71D-A9209F4BFD5D}"
EndProject
Global
	GlobalSection(SolutionConfigurationPlatforms) = preSolution
		Debug|Any CPU = Debug|Any CPU
		Release|Any CPU = Release|Any CPU
	EndGlobalSection
	GlobalSection(ProjectConfigurationPlatforms) = postSolution
		{2E442EE6-1328-4948-A5A9-E09EBED529F0}.Debug|Any CPU.ActiveCfg = Debug|Any CPU
		{2E442EE6-1328-4948-A5A9-E09EBED529F0}.Debug|Any CPU.Build.0 = Debug|Any CPU
		{2E442EE6-1328-4948-A5A9-E09EBED529F0}.Release|Any CPU.ActiveCfg = Release|Any CPU
		{2E442EE6-1328-4948-A5A9-E09EBED529F0}.Release|Any CPU.Build.0 = Release|Any CPU
		{31BBE7FB-8C28-493A-AC97-70AE0D8C78BC}.Debug|Any CPU.ActiveCfg = Debug|Any CPU
		{31BBE7FB-8C28-493A-AC97-70AE0D8C78BC}.Debug|Any CPU.Build.0 = Debug|Any CPU
		{31BBE7FB-8C28-493A-AC97-70AE0D8C78BC}.Release|Any CPU.ActiveCfg = Release|Any CPU
		{31BBE7FB-8C28-493A-AC97-70AE0D8C78BC}.Release|Any CPU.Build.0 = Release|Any CPU
		{936831AB-9E71-47BF-B71D-A9209F4BFD5D}.Debug|Any CPU.ActiveCfg = Debug|Any CPU
		{936831AB-9E71-47BF-B71D-A9209F4BFD5D}.Debug|Any CPU.Build.0 = Debug|Any CPU
		{936831AB-9E71-47BF-B71D-A9209F4BFD5D}.Release|Any CPU.ActiveCfg = Release|Any CPU
		{936831AB-9E71-47BF-B71D-A9209F4BFD5D}.Release|Any CPU.Build.0 = Release|Any CPU
	EndGlobalSection
	GlobalSection(SolutionProperties) = preSolution
		HideSolutionNode = FALSE
	EndGlobalSection
	GlobalSection(ExtensibilityGlobals) = postSolution
		SolutionGuid = {7355A6A1-CA84-4D40-816F-103D5FB7440B}
	EndGlobalSection
EndGlobal
